
Microsoft Visual Studio Solution File, Format Version 12.00
# Visual Studio Version 17
VisualStudioVersion = 17.0.31919.166
MinimumVisualStudioVersion = 10.0.40219.1
Project("{FAE04EC0-301F-11D3-BF4B-00C04F79EFBC}") = "WinAgentConsole", "WinAgentConsole\WinAgentConsole.csproj", "{C6A90635-1C9B-4CD9-9E39-6A26551CC34E}"
EndProject
Global
	GlobalSection(SolutionConfigurationPlatforms) = preSolution
		Debug|Any CPU = Debug|Any CPU
		Release|Any CPU = Release|Any CPU
	EndGlobalSection
	GlobalSection(ProjectConfigurationPlatforms) = postSolution
		{C6A90635-1C9B-4CD9-9E39-6A26551CC34E}.Debug|Any CPU.ActiveCfg = Debug|Any CPU
		{C6A90635-1C9B-4CD9-9E39-6A26551CC34E}.Debug|Any CPU.Build.0 = Debug|Any CPU
		{C6A90635-1C9B-4CD9-9E39-6A26551CC34E}.Release|Any CPU.ActiveCfg = Release|Any CPU
		{C6A90635-1C9B-4CD9-9E39-6A26551CC34E}.Release|Any CPU.Build.0 = Release|Any CPU
	EndGlobalSection
	GlobalSection(SolutionProperties) = preSolution
		HideSolutionNode = FALSE
	EndGlobalSection
	GlobalSection(ExtensibilityGlobals) = postSolution
		SolutionGuid = {DF693730-7B7B-4683-8AE4-D815C85641D8}
	EndGlobalSection
EndGlobal
